
Microsoft Visual Studio Solution File, Format Version 12.00
# Visual Studio Version 17
VisualStudioVersion = 17.9.34728.123
MinimumVisualStudioVersion = 10.0.40219.1
Project("{FAE04EC0-301F-11D3-BF4B-00C04F79EFBC}") = "EjercicioAbstraccion", "EjercicioAbstraccion\EjercicioAbstraccion.csproj", "{A1F6759C-BC87-4F9D-A9FE-538F4AF7E407}"
EndProject
Global
	GlobalSection(SolutionConfigurationPlatforms) = preSolution
		Debug|Any CPU = Debug|Any CPU
		Release|Any CPU = Release|Any CPU
	EndGlobalSection
	GlobalSection(ProjectConfigurationPlatforms) = postSolution
		{A1F6759C-BC87-4F9D-A9FE-538F4AF7E407}.Debug|Any CPU.ActiveCfg = Debug|Any CPU
		{A1F6759C-BC87-4F9D-A9FE-538F4AF7E407}.Debug|Any CPU.Build.0 = Debug|Any CPU
		{A1F6759C-BC87-4F9D-A9FE-538F4AF7E407}.Release|Any CPU.ActiveCfg = Release|Any CPU
		{A1F6759C-BC87-4F9D-A9FE-538F4AF7E407}.Release|Any CPU.Build.0 = Release|Any CPU
	EndGlobalSection
	GlobalSection(SolutionProperties) = preSolution
		HideSolutionNode = FALSE
	EndGlobalSection
	GlobalSection(ExtensibilityGlobals) = postSolution
		SolutionGuid = {E0ACE2C3-22DD-49C0-BC69-6A70390DC752}
	EndGlobalSection
EndGlobal
